{
  "originHash" : "b5df54613d8eb0c61d088cb8c1e8cb80b6fe3070354ad09e4765d964f8c5201c",
  "pins" : [
    {
      "identity" : "alamofire",
      "kind" : "remoteSourceControl",
      "location" : "https://github.com/Alamofire/Alamofire",
      "state" : {
        "revision" : "513364f870f6bfc468f9d2ff0a95caccc10044c5",
        "version" : "5.10.2"
      }
    },
    {
      "identity" : "codescanner",
      "kind" : "remoteSourceControl",
      "location" : "https://github.com/twostraws/CodeScanner",
      "state" : {
        "revision" : "5e886430238944c7200fc9e10dbf2d9550dba865",
        "version" : "2.5.2"
      }
    },
    {
      "identity" : "kingfisher",
      "kind" : "remoteSourceControl",
      "location" : "https://github.com/onevcat/Kingfisher",
      "state" : {
        "revision" : "fa3609d1975791c0a6e6f75a56dc20a957967769",
        "version" : "8.1.4"
      }
    }
  ],
  "version" : 3
}
