// !$*UTF8*$!
{
	archiveVersion = 1;
	classes = {
	};
	objectVersion = 56;
	objects = {

/* Begin PBXBuildFile section */
		D312BE182D5B7A5E00C43023 /* EventService.swift in Sources */ = {isa = PBXBuildFile; fileRef = D312BE172D5B7A5E00C43023 /* EventService.swift */; };
		D312BE1A2D5B7AA200C43023 /* AddEventDetails.swift in Sources */ = {isa = PBXBuildFile; fileRef = D312BE192D5B7AA200C43023 /* AddEventDetails.swift */; };
		D3255D5F2D51C0E7007E0125 /* GettingStartedView.swift in Sources */ = {isa = PBXBuildFile; fileRef = D3255D5E2D51C0E7007E0125 /* GettingStartedView.swift */; };
		D33DF8CD2D5BB44000ACF1D4 /* ImageRepresentation.swift in Sources */ = {isa = PBXBuildFile; fileRef = D33DF8CC2D5BB44000ACF1D4 /* ImageRepresentation.swift */; };
		D33DF8D12D5BB46000ACF1D4 /* ImagePickerView.swift in Sources */ = {isa = PBXBuildFile; fileRef = D33DF8D02D5BB46000ACF1D4 /* ImagePickerView.swift */; };
		D33DF8D52D5BB47A00ACF1D4 /* ImagePickerViewModel.swift in Sources */ = {isa = PBXBuildFile; fileRef = D33DF8D42D5BB47A00ACF1D4 /* ImagePickerViewModel.swift */; };
		D33DF8D72D5BC1BE00ACF1D4 /* TimezoneDropdownView.swift in Sources */ = {isa = PBXBuildFile; fileRef = D33DF8D62D5BC1BE00ACF1D4 /* TimezoneDropdownView.swift */; };
		D346CB882D5A0D9900F897BF /* Event.swift in Sources */ = {isa = PBXBuildFile; fileRef = D346CB872D5A0D9900F897BF /* Event.swift */; };
		D346CB8A2D5A0FC500F897BF /* SharedServiceProtocol.swift in Sources */ = {isa = PBXBuildFile; fileRef = D346CB892D5A0FC500F897BF /* SharedServiceProtocol.swift */; };
		D346CB8C2D5A38E800F897BF /* AddEventView.swift in Sources */ = {isa = PBXBuildFile; fileRef = D346CB8B2D5A38E800F897BF /* AddEventView.swift */; };
		D346CB942D5A39D200F897BF /* AddEventViewModel.swift in Sources */ = {isa = PBXBuildFile; fileRef = D346CB932D5A39D200F897BF /* AddEventViewModel.swift */; };
		D354093C2D61B2BC00941806 /* EventDetailsViewModel.swift in Sources */ = {isa = PBXBuildFile; fileRef = D354093B2D61B2BC00941806 /* EventDetailsViewModel.swift */; };
		D354093E2D61B35600941806 /* EventDetails.swift in Sources */ = {isa = PBXBuildFile; fileRef = D354093D2D61B35600941806 /* EventDetails.swift */; };
		D35409402D61B4AB00941806 /* EventDetailsService.swift in Sources */ = {isa = PBXBuildFile; fileRef = D354093F2D61B4AB00941806 /* EventDetailsService.swift */; };
		D356D2162D5A51E60091DD7C /* UserDetails.swift in Sources */ = {isa = PBXBuildFile; fileRef = D356D2152D5A51E60091DD7C /* UserDetails.swift */; };
		D356D2182D5A6F500091DD7C /* ProgressTrackerView.swift in Sources */ = {isa = PBXBuildFile; fileRef = D356D2172D5A6F500091DD7C /* ProgressTrackerView.swift */; };
		D368EE002D5F5B1C00DA4632 /* EventDetailsView.swift in Sources */ = {isa = PBXBuildFile; fileRef = D368EDFF2D5F5B1C00DA4632 /* EventDetailsView.swift */; };
		D368EE022D5FD64900DA4632 /* AvatarStack.swift in Sources */ = {isa = PBXBuildFile; fileRef = D368EE012D5FD64900DA4632 /* AvatarStack.swift */; };
		D36959492D52130700483BDB /* ImageCarousel.swift in Sources */ = {isa = PBXBuildFile; fileRef = D36959482D52130700483BDB /* ImageCarousel.swift */; };
		D369594B2D52220900483BDB /* MainButtonStyle.swift in Sources */ = {isa = PBXBuildFile; fileRef = D369594A2D52220900483BDB /* MainButtonStyle.swift */; };
		D36F20B32D5E92D000DE1FD3 /* PaginationView.swift in Sources */ = {isa = PBXBuildFile; fileRef = D36F20B22D5E92D000DE1FD3 /* PaginationView.swift */; };
		D36F20B52D5E955C00DE1FD3 /* GetAllEventsResponse.swift in Sources */ = {isa = PBXBuildFile; fileRef = D36F20B42D5E955C00DE1FD3 /* GetAllEventsResponse.swift */; };
		D36F20BC2D5EA2E800DE1FD3 /* EventsCalendarView.swift in Sources */ = {isa = PBXBuildFile; fileRef = D36F20BB2D5EA2E800DE1FD3 /* EventsCalendarView.swift */; };
		D36F20C02D5EB44700DE1FD3 /* EventsCalendarViewModel.swift in Sources */ = {isa = PBXBuildFile; fileRef = D36F20BF2D5EB44700DE1FD3 /* EventsCalendarViewModel.swift */; };
		D38BDE2D2D56AF3300206D28 /* EventCard.swift in Sources */ = {isa = PBXBuildFile; fileRef = D38BDE2C2D56AF3300206D28 /* EventCard.swift */; };
		D39401B22D5243B200DCFE21 /* SignupFormView.swift in Sources */ = {isa = PBXBuildFile; fileRef = D39401B12D5243B200DCFE21 /* SignupFormView.swift */; };
		D39401B42D524BF500DCFE21 /* CustomTextField.swift in Sources */ = {isa = PBXBuildFile; fileRef = D39401B32D524BF500DCFE21 /* CustomTextField.swift */; };
		D396248E2D56366200A3E310 /* HomeView.swift in Sources */ = {isa = PBXBuildFile; fileRef = D396248D2D56366200A3E310 /* HomeView.swift */; };
		D39624902D5636F100A3E310 /* HomeViewModel.swift in Sources */ = {isa = PBXBuildFile; fileRef = D396248F2D5636F100A3E310 /* HomeViewModel.swift */; };
		D39624922D564D6300A3E310 /* CircularButtonStyle.swift in Sources */ = {isa = PBXBuildFile; fileRef = D39624912D564D6300A3E310 /* CircularButtonStyle.swift */; };
		D3B20B242D58CF7F00A52937 /* HomeService.swift in Sources */ = {isa = PBXBuildFile; fileRef = D3B20B232D58CF7F00A52937 /* HomeService.swift */; };
		D3B20B292D58D0D900A52937 /* SharedService.swift in Sources */ = {isa = PBXBuildFile; fileRef = D3B20B282D58D0D900A52937 /* SharedService.swift */; };
		D3B68C9A2D554BCD00BF6CD3 /* EmailVerificationDetails.swift in Sources */ = {isa = PBXBuildFile; fileRef = D3B68C992D554BCD00BF6CD3 /* EmailVerificationDetails.swift */; };
		D3B68C9C2D554CBD00BF6CD3 /* EmailVerificationResponse.swift in Sources */ = {isa = PBXBuildFile; fileRef = D3B68C9B2D554CBD00BF6CD3 /* EmailVerificationResponse.swift */; };
		D3B68C9E2D5553CC00BF6CD3 /* LoginFormView.swift in Sources */ = {isa = PBXBuildFile; fileRef = D3B68C9D2D5553CC00BF6CD3 /* LoginFormView.swift */; };
		D3C03BBD2D50FF5700E5251C /* TablesTurnApp.swift in Sources */ = {isa = PBXBuildFile; fileRef = D3C03BBC2D50FF5700E5251C /* TablesTurnApp.swift */; };
		D3C03BC12D50FF5900E5251C /* Assets.xcassets in Resources */ = {isa = PBXBuildFile; fileRef = D3C03BC02D50FF5900E5251C /* Assets.xcassets */; };
		D3C03BC42D50FF5900E5251C /* Preview Assets.xcassets in Resources */ = {isa = PBXBuildFile; fileRef = D3C03BC32D50FF5900E5251C /* Preview Assets.xcassets */; };
		D3C03BCE2D50FF5900E5251C /* TablesTurnTests.swift in Sources */ = {isa = PBXBuildFile; fileRef = D3C03BCD2D50FF5900E5251C /* TablesTurnTests.swift */; };
		D3C03BD82D50FF5900E5251C /* TablesTurnUITests.swift in Sources */ = {isa = PBXBuildFile; fileRef = D3C03BD72D50FF5900E5251C /* TablesTurnUITests.swift */; };
		D3C03BDA2D50FF5900E5251C /* TablesTurnUITestsLaunchTests.swift in Sources */ = {isa = PBXBuildFile; fileRef = D3C03BD92D50FF5900E5251C /* TablesTurnUITestsLaunchTests.swift */; };
		D3C03BE82D51023400E5251C /* AppConfig.swift in Sources */ = {isa = PBXBuildFile; fileRef = D3C03BE72D51023400E5251C /* AppConfig.swift */; };
		D3C03BF72D5106D000E5251C /* Alamofire in Frameworks */ = {isa = PBXBuildFile; productRef = D3C03BF62D5106D000E5251C /* Alamofire */; };
		D3C03BFA2D51077400E5251C /* Kingfisher in Frameworks */ = {isa = PBXBuildFile; productRef = D3C03BF92D51077400E5251C /* Kingfisher */; };
		D3C03BFF2D5112CB00E5251C /* ApiClient.swift in Sources */ = {isa = PBXBuildFile; fileRef = D3C03BFE2D5112CB00E5251C /* ApiClient.swift */; };
		D3C03C012D51142100E5251C /* ApiEndpoints.swift in Sources */ = {isa = PBXBuildFile; fileRef = D3C03C002D51142100E5251C /* ApiEndpoints.swift */; };
		D3C68E872D561040000F3C0C /* EmailVerificationViewModel.swift in Sources */ = {isa = PBXBuildFile; fileRef = D3C68E862D561040000F3C0C /* EmailVerificationViewModel.swift */; };
		D3C68E892D5615EC000F3C0C /* EmailVerificationService.swift in Sources */ = {isa = PBXBuildFile; fileRef = D3C68E882D5615EC000F3C0C /* EmailVerificationService.swift */; };
		D3C68E8B2D561D42000F3C0C /* UserManager.swift in Sources */ = {isa = PBXBuildFile; fileRef = D3C68E8A2D561D42000F3C0C /* UserManager.swift */; };
		D3C68E8D2D5621C3000F3C0C /* RootView.swift in Sources */ = {isa = PBXBuildFile; fileRef = D3C68E8C2D5621C3000F3C0C /* RootView.swift */; };
		D3F4EAF12D54BA9600C71FDF /* UserSignupDetails.swift in Sources */ = {isa = PBXBuildFile; fileRef = D3F4EAF02D54BA9600C71FDF /* UserSignupDetails.swift */; };
		D3F4EAF32D54BC2A00C71FDF /* SignupViewModel.swift in Sources */ = {isa = PBXBuildFile; fileRef = D3F4EAF22D54BC2A00C71FDF /* SignupViewModel.swift */; };
		D3F4EAF52D54BF5400C71FDF /* SignupService.swift in Sources */ = {isa = PBXBuildFile; fileRef = D3F4EAF42D54BF5400C71FDF /* SignupService.swift */; };
		D3F4EAF72D54C63C00C71FDF /* ApiError.swift in Sources */ = {isa = PBXBuildFile; fileRef = D3F4EAF62D54C63C00C71FDF /* ApiError.swift */; };
		D3F4EAFB2D54F16000C71FDF /* UserSignupResponse.swift in Sources */ = {isa = PBXBuildFile; fileRef = D3F4EAFA2D54F16000C71FDF /* UserSignupResponse.swift */; };
		D3F4EAFD2D54F45000C71FDF /* LoginViewModel.swift in Sources */ = {isa = PBXBuildFile; fileRef = D3F4EAFC2D54F45000C71FDF /* LoginViewModel.swift */; };
		D3F4EAFF2D54F60800C71FDF /* LoginService.swift in Sources */ = {isa = PBXBuildFile; fileRef = D3F4EAFE2D54F60800C71FDF /* LoginService.swift */; };
		D3F4EB012D54F64B00C71FDF /* UserLoginDetails.swift in Sources */ = {isa = PBXBuildFile; fileRef = D3F4EB002D54F64B00C71FDF /* UserLoginDetails.swift */; };
		D3F4EB032D54F70200C71FDF /* UserLoginResponse.swift in Sources */ = {isa = PBXBuildFile; fileRef = D3F4EB022D54F70200C71FDF /* UserLoginResponse.swift */; };
		D3F4EB052D55410600C71FDF /* EmailVerificationView.swift in Sources */ = {isa = PBXBuildFile; fileRef = D3F4EB042D55410600C71FDF /* EmailVerificationView.swift */; };
/* End PBXBuildFile section */

/* Begin PBXContainerItemProxy section */
		D3C03BCA2D50FF5900E5251C /* PBXContainerItemProxy */ = {
			isa = PBXContainerItemProxy;
			containerPortal = D3C03BB12D50FF5700E5251C /* Project object */;
			proxyType = 1;
			remoteGlobalIDString = D3C03BB82D50FF5700E5251C;
			remoteInfo = TablesTurn;
		};
		D3C03BD42D50FF5900E5251C /* PBXContainerItemProxy */ = {
			isa = PBXContainerItemProxy;
			containerPortal = D3C03BB12D50FF5700E5251C /* Project object */;
			proxyType = 1;
			remoteGlobalIDString = D3C03BB82D50FF5700E5251C;
			remoteInfo = TablesTurn;
		};
/* End PBXContainerItemProxy section */

/* Begin PBXFileReference section */
		D312BE172D5B7A5E00C43023 /* EventService.swift */ = {isa = PBXFileReference; lastKnownFileType = sourcecode.swift; path = EventService.swift; sourceTree = "<group>"; };
		D312BE192D5B7AA200C43023 /* AddEventDetails.swift */ = {isa = PBXFileReference; lastKnownFileType = sourcecode.swift; path = AddEventDetails.swift; sourceTree = "<group>"; };
		D3255D5E2D51C0E7007E0125 /* GettingStartedView.swift */ = {isa = PBXFileReference; lastKnownFileType = sourcecode.swift; path = GettingStartedView.swift; sourceTree = "<group>"; };
		D33DF8CC2D5BB44000ACF1D4 /* ImageRepresentation.swift */ = {isa = PBXFileReference; lastKnownFileType = sourcecode.swift; path = ImageRepresentation.swift; sourceTree = "<group>"; };
		D33DF8D02D5BB46000ACF1D4 /* ImagePickerView.swift */ = {isa = PBXFileReference; lastKnownFileType = sourcecode.swift; path = ImagePickerView.swift; sourceTree = "<group>"; };
		D33DF8D42D5BB47A00ACF1D4 /* ImagePickerViewModel.swift */ = {isa = PBXFileReference; lastKnownFileType = sourcecode.swift; path = ImagePickerViewModel.swift; sourceTree = "<group>"; };
		D33DF8D62D5BC1BE00ACF1D4 /* TimezoneDropdownView.swift */ = {isa = PBXFileReference; lastKnownFileType = sourcecode.swift; path = TimezoneDropdownView.swift; sourceTree = "<group>"; };
		D346CB872D5A0D9900F897BF /* Event.swift */ = {isa = PBXFileReference; lastKnownFileType = sourcecode.swift; path = Event.swift; sourceTree = "<group>"; };
		D346CB892D5A0FC500F897BF /* SharedServiceProtocol.swift */ = {isa = PBXFileReference; lastKnownFileType = sourcecode.swift; path = SharedServiceProtocol.swift; sourceTree = "<group>"; };
		D346CB8B2D5A38E800F897BF /* AddEventView.swift */ = {isa = PBXFileReference; lastKnownFileType = sourcecode.swift; path = AddEventView.swift; sourceTree = "<group>"; };
		D346CB932D5A39D200F897BF /* AddEventViewModel.swift */ = {isa = PBXFileReference; lastKnownFileType = sourcecode.swift; path = AddEventViewModel.swift; sourceTree = "<group>"; };
		D354093B2D61B2BC00941806 /* EventDetailsViewModel.swift */ = {isa = PBXFileReference; lastKnownFileType = sourcecode.swift; path = EventDetailsViewModel.swift; sourceTree = "<group>"; };
		D354093D2D61B35600941806 /* EventDetails.swift */ = {isa = PBXFileReference; lastKnownFileType = sourcecode.swift; path = EventDetails.swift; sourceTree = "<group>"; };
		D354093F2D61B4AB00941806 /* EventDetailsService.swift */ = {isa = PBXFileReference; lastKnownFileType = sourcecode.swift; path = EventDetailsService.swift; sourceTree = "<group>"; };
		D356D2152D5A51E60091DD7C /* UserDetails.swift */ = {isa = PBXFileReference; lastKnownFileType = sourcecode.swift; path = UserDetails.swift; sourceTree = "<group>"; };
		D356D2172D5A6F500091DD7C /* ProgressTrackerView.swift */ = {isa = PBXFileReference; lastKnownFileType = sourcecode.swift; path = ProgressTrackerView.swift; sourceTree = "<group>"; };
		D368EDFF2D5F5B1C00DA4632 /* EventDetailsView.swift */ = {isa = PBXFileReference; lastKnownFileType = sourcecode.swift; path = EventDetailsView.swift; sourceTree = "<group>"; };
		D368EE012D5FD64900DA4632 /* AvatarStack.swift */ = {isa = PBXFileReference; lastKnownFileType = sourcecode.swift; path = AvatarStack.swift; sourceTree = "<group>"; };
		D36959482D52130700483BDB /* ImageCarousel.swift */ = {isa = PBXFileReference; lastKnownFileType = sourcecode.swift; path = ImageCarousel.swift; sourceTree = "<group>"; };
		D369594A2D52220900483BDB /* MainButtonStyle.swift */ = {isa = PBXFileReference; lastKnownFileType = sourcecode.swift; path = MainButtonStyle.swift; sourceTree = "<group>"; };
		D36F20B22D5E92D000DE1FD3 /* PaginationView.swift */ = {isa = PBXFileReference; lastKnownFileType = sourcecode.swift; path = PaginationView.swift; sourceTree = "<group>"; };
		D36F20B42D5E955C00DE1FD3 /* GetAllEventsResponse.swift */ = {isa = PBXFileReference; lastKnownFileType = sourcecode.swift; path = GetAllEventsResponse.swift; sourceTree = "<group>"; };
		D36F20BB2D5EA2E800DE1FD3 /* EventsCalendarView.swift */ = {isa = PBXFileReference; lastKnownFileType = sourcecode.swift; path = EventsCalendarView.swift; sourceTree = "<group>"; };
		D36F20BF2D5EB44700DE1FD3 /* EventsCalendarViewModel.swift */ = {isa = PBXFileReference; lastKnownFileType = sourcecode.swift; path = EventsCalendarViewModel.swift; sourceTree = "<group>"; };
		D38BDE2C2D56AF3300206D28 /* EventCard.swift */ = {isa = PBXFileReference; lastKnownFileType = sourcecode.swift; path = EventCard.swift; sourceTree = "<group>"; };
		D39401B12D5243B200DCFE21 /* SignupFormView.swift */ = {isa = PBXFileReference; lastKnownFileType = sourcecode.swift; path = SignupFormView.swift; sourceTree = "<group>"; };
		D39401B32D524BF500DCFE21 /* CustomTextField.swift */ = {isa = PBXFileReference; lastKnownFileType = sourcecode.swift; path = CustomTextField.swift; sourceTree = "<group>"; };
		D396248D2D56366200A3E310 /* HomeView.swift */ = {isa = PBXFileReference; lastKnownFileType = sourcecode.swift; path = HomeView.swift; sourceTree = "<group>"; };
		D396248F2D5636F100A3E310 /* HomeViewModel.swift */ = {isa = PBXFileReference; lastKnownFileType = sourcecode.swift; path = HomeViewModel.swift; sourceTree = "<group>"; };
		D39624912D564D6300A3E310 /* CircularButtonStyle.swift */ = {isa = PBXFileReference; lastKnownFileType = sourcecode.swift; path = CircularButtonStyle.swift; sourceTree = "<group>"; };
		D3B20B232D58CF7F00A52937 /* HomeService.swift */ = {isa = PBXFileReference; lastKnownFileType = sourcecode.swift; path = HomeService.swift; sourceTree = "<group>"; };
		D3B20B282D58D0D900A52937 /* SharedService.swift */ = {isa = PBXFileReference; lastKnownFileType = sourcecode.swift; path = SharedService.swift; sourceTree = "<group>"; };
		D3B68C992D554BCD00BF6CD3 /* EmailVerificationDetails.swift */ = {isa = PBXFileReference; lastKnownFileType = sourcecode.swift; path = EmailVerificationDetails.swift; sourceTree = "<group>"; };
		D3B68C9B2D554CBD00BF6CD3 /* EmailVerificationResponse.swift */ = {isa = PBXFileReference; lastKnownFileType = sourcecode.swift; path = EmailVerificationResponse.swift; sourceTree = "<group>"; };
		D3B68C9D2D5553CC00BF6CD3 /* LoginFormView.swift */ = {isa = PBXFileReference; lastKnownFileType = sourcecode.swift; path = LoginFormView.swift; sourceTree = "<group>"; };
		D3C03BB92D50FF5700E5251C /* TablesTurn.app */ = {isa = PBXFileReference; explicitFileType = wrapper.application; includeInIndex = 0; path = TablesTurn.app; sourceTree = BUILT_PRODUCTS_DIR; };
		D3C03BBC2D50FF5700E5251C /* TablesTurnApp.swift */ = {isa = PBXFileReference; lastKnownFileType = sourcecode.swift; path = TablesTurnApp.swift; sourceTree = "<group>"; };
		D3C03BC02D50FF5900E5251C /* Assets.xcassets */ = {isa = PBXFileReference; lastKnownFileType = folder.assetcatalog; path = Assets.xcassets; sourceTree = "<group>"; };
		D3C03BC32D50FF5900E5251C /* Preview Assets.xcassets */ = {isa = PBXFileReference; lastKnownFileType = folder.assetcatalog; path = "Preview Assets.xcassets"; sourceTree = "<group>"; };
		D3C03BC92D50FF5900E5251C /* TablesTurnTests.xctest */ = {isa = PBXFileReference; explicitFileType = wrapper.cfbundle; includeInIndex = 0; path = TablesTurnTests.xctest; sourceTree = BUILT_PRODUCTS_DIR; };
		D3C03BCD2D50FF5900E5251C /* TablesTurnTests.swift */ = {isa = PBXFileReference; lastKnownFileType = sourcecode.swift; path = TablesTurnTests.swift; sourceTree = "<group>"; };
		D3C03BD32D50FF5900E5251C /* TablesTurnUITests.xctest */ = {isa = PBXFileReference; explicitFileType = wrapper.cfbundle; includeInIndex = 0; path = TablesTurnUITests.xctest; sourceTree = BUILT_PRODUCTS_DIR; };
		D3C03BD72D50FF5900E5251C /* TablesTurnUITests.swift */ = {isa = PBXFileReference; lastKnownFileType = sourcecode.swift; path = TablesTurnUITests.swift; sourceTree = "<group>"; };
		D3C03BD92D50FF5900E5251C /* TablesTurnUITestsLaunchTests.swift */ = {isa = PBXFileReference; lastKnownFileType = sourcecode.swift; path = TablesTurnUITestsLaunchTests.swift; sourceTree = "<group>"; };
		D3C03BE72D51023400E5251C /* AppConfig.swift */ = {isa = PBXFileReference; lastKnownFileType = sourcecode.swift; path = AppConfig.swift; sourceTree = "<group>"; };
		D3C03BFE2D5112CB00E5251C /* ApiClient.swift */ = {isa = PBXFileReference; lastKnownFileType = sourcecode.swift; path = ApiClient.swift; sourceTree = "<group>"; };
		D3C03C002D51142100E5251C /* ApiEndpoints.swift */ = {isa = PBXFileReference; lastKnownFileType = sourcecode.swift; path = ApiEndpoints.swift; sourceTree = "<group>"; };
		D3C68E862D561040000F3C0C /* EmailVerificationViewModel.swift */ = {isa = PBXFileReference; lastKnownFileType = sourcecode.swift; path = EmailVerificationViewModel.swift; sourceTree = "<group>"; };
		D3C68E882D5615EC000F3C0C /* EmailVerificationService.swift */ = {isa = PBXFileReference; lastKnownFileType = sourcecode.swift; path = EmailVerificationService.swift; sourceTree = "<group>"; };
		D3C68E8A2D561D42000F3C0C /* UserManager.swift */ = {isa = PBXFileReference; lastKnownFileType = sourcecode.swift; path = UserManager.swift; sourceTree = "<group>"; };
		D3C68E8C2D5621C3000F3C0C /* RootView.swift */ = {isa = PBXFileReference; lastKnownFileType = sourcecode.swift; path = RootView.swift; sourceTree = "<group>"; };
		D3F4EAF02D54BA9600C71FDF /* UserSignupDetails.swift */ = {isa = PBXFileReference; lastKnownFileType = sourcecode.swift; path = UserSignupDetails.swift; sourceTree = "<group>"; };
		D3F4EAF22D54BC2A00C71FDF /* SignupViewModel.swift */ = {isa = PBXFileReference; lastKnownFileType = sourcecode.swift; path = SignupViewModel.swift; sourceTree = "<group>"; };
		D3F4EAF42D54BF5400C71FDF /* SignupService.swift */ = {isa = PBXFileReference; lastKnownFileType = sourcecode.swift; path = SignupService.swift; sourceTree = "<group>"; };
		D3F4EAF62D54C63C00C71FDF /* ApiError.swift */ = {isa = PBXFileReference; lastKnownFileType = sourcecode.swift; path = ApiError.swift; sourceTree = "<group>"; };
		D3F4EAFA2D54F16000C71FDF /* UserSignupResponse.swift */ = {isa = PBXFileReference; lastKnownFileType = sourcecode.swift; path = UserSignupResponse.swift; sourceTree = "<group>"; };
		D3F4EAFC2D54F45000C71FDF /* LoginViewModel.swift */ = {isa = PBXFileReference; lastKnownFileType = sourcecode.swift; path = LoginViewModel.swift; sourceTree = "<group>"; };
		D3F4EAFE2D54F60800C71FDF /* LoginService.swift */ = {isa = PBXFileReference; lastKnownFileType = sourcecode.swift; path = LoginService.swift; sourceTree = "<group>"; };
		D3F4EB002D54F64B00C71FDF /* UserLoginDetails.swift */ = {isa = PBXFileReference; lastKnownFileType = sourcecode.swift; path = UserLoginDetails.swift; sourceTree = "<group>"; };
		D3F4EB022D54F70200C71FDF /* UserLoginResponse.swift */ = {isa = PBXFileReference; lastKnownFileType = sourcecode.swift; path = UserLoginResponse.swift; sourceTree = "<group>"; };
		D3F4EB042D55410600C71FDF /* EmailVerificationView.swift */ = {isa = PBXFileReference; lastKnownFileType = sourcecode.swift; path = EmailVerificationView.swift; sourceTree = "<group>"; };
/* End PBXFileReference section */

/* Begin PBXFrameworksBuildPhase section */
		D3C03BB62D50FF5700E5251C /* Frameworks */ = {
			isa = PBXFrameworksBuildPhase;
			buildActionMask = 2147483647;
			files = (
				D3C03BFA2D51077400E5251C /* Kingfisher in Frameworks */,
				D3C03BF72D5106D000E5251C /* Alamofire in Frameworks */,
			);
			runOnlyForDeploymentPostprocessing = 0;
		};
		D3C03BC62D50FF5900E5251C /* Frameworks */ = {
			isa = PBXFrameworksBuildPhase;
			buildActionMask = 2147483647;
			files = (
			);
			runOnlyForDeploymentPostprocessing = 0;
		};
		D3C03BD02D50FF5900E5251C /* Frameworks */ = {
			isa = PBXFrameworksBuildPhase;
			buildActionMask = 2147483647;
			files = (
			);
			runOnlyForDeploymentPostprocessing = 0;
		};
/* End PBXFrameworksBuildPhase section */

/* Begin PBXGroup section */
		D3255D572D51BCD4007E0125 /* Onboarding */ = {
			isa = PBXGroup;
			children = (
				D3255D5D2D51BD59007E0125 /* Models */,
				D3255D5C2D51BD53007E0125 /* Views */,
				D3255D5B2D51BD4C007E0125 /* ViewModels */,
				D3255D5A2D51BD47007E0125 /* Services */,
			);
			path = Onboarding;
			sourceTree = "<group>";
		};
		D3255D5A2D51BD47007E0125 /* Services */ = {
			isa = PBXGroup;
			children = (
			);
			path = Services;
			sourceTree = "<group>";
		};
		D3255D5B2D51BD4C007E0125 /* ViewModels */ = {
			isa = PBXGroup;
			children = (
			);
			path = ViewModels;
			sourceTree = "<group>";
		};
		D3255D5C2D51BD53007E0125 /* Views */ = {
			isa = PBXGroup;
			children = (
				D3255D5E2D51C0E7007E0125 /* GettingStartedView.swift */,
			);
			path = Views;
			sourceTree = "<group>";
		};
		D3255D5D2D51BD59007E0125 /* Models */ = {
			isa = PBXGroup;
			children = (
			);
			path = Models;
			sourceTree = "<group>";
		};
		D33DF8C72D5BB2F500ACF1D4 /* ImagePicker */ = {
			isa = PBXGroup;
			children = (
				D33DF8CB2D5BB41900ACF1D4 /* Models */,
				D33DF8CA2D5BB3F300ACF1D4 /* Views */,
				D33DF8C92D5BB3EA00ACF1D4 /* ViewModels */,
			);
			path = ImagePicker;
			sourceTree = "<group>";
		};
		D33DF8C92D5BB3EA00ACF1D4 /* ViewModels */ = {
			isa = PBXGroup;
			children = (
				D33DF8D42D5BB47A00ACF1D4 /* ImagePickerViewModel.swift */,
			);
			path = ViewModels;
			sourceTree = "<group>";
		};
		D33DF8CA2D5BB3F300ACF1D4 /* Views */ = {
			isa = PBXGroup;
			children = (
				D33DF8D02D5BB46000ACF1D4 /* ImagePickerView.swift */,
			);
			path = Views;
			sourceTree = "<group>";
		};
		D33DF8CB2D5BB41900ACF1D4 /* Models */ = {
			isa = PBXGroup;
			children = (
				D33DF8CC2D5BB44000ACF1D4 /* ImageRepresentation.swift */,
			);
			path = Models;
			sourceTree = "<group>";
		};
		D368EDFA2D5F5AD100DA4632 /* EventDetails */ = {
			isa = PBXGroup;
			children = (
				D368EDFE2D5F5AF800DA4632 /* Models */,
				D368EDFD2D5F5AEF00DA4632 /* Views */,
				D368EDFC2D5F5AE500DA4632 /* ViewModels */,
				D368EDFB2D5F5AD900DA4632 /* Services */,
			);
			path = EventDetails;
			sourceTree = "<group>";
		};
		D368EDFB2D5F5AD900DA4632 /* Services */ = {
			isa = PBXGroup;
			children = (
				D354093F2D61B4AB00941806 /* EventDetailsService.swift */,
			);
			path = Services;
			sourceTree = "<group>";
		};
		D368EDFC2D5F5AE500DA4632 /* ViewModels */ = {
			isa = PBXGroup;
			children = (
				D354093B2D61B2BC00941806 /* EventDetailsViewModel.swift */,
			);
			path = ViewModels;
			sourceTree = "<group>";
		};
		D368EDFD2D5F5AEF00DA4632 /* Views */ = {
			isa = PBXGroup;
			children = (
				D368EDFF2D5F5B1C00DA4632 /* EventDetailsView.swift */,
			);
			path = Views;
			sourceTree = "<group>";
		};
		D368EDFE2D5F5AF800DA4632 /* Models */ = {
			isa = PBXGroup;
			children = (
				D354093D2D61B35600941806 /* EventDetails.swift */,
			);
			path = Models;
			sourceTree = "<group>";
		};
		D36F20B62D5EA26500DE1FD3 /* EventsCalendar */ = {
			isa = PBXGroup;
			children = (
				D36F20BA2D5EA28C00DE1FD3 /* Models */,
				D36F20B92D5EA28700DE1FD3 /* Views */,
				D36F20B82D5EA27A00DE1FD3 /* ViewModels */,
				D36F20B72D5EA27300DE1FD3 /* Services */,
			);
			path = EventsCalendar;
			sourceTree = "<group>";
		};
		D36F20B72D5EA27300DE1FD3 /* Services */ = {
			isa = PBXGroup;
			children = (
			);
			path = Services;
			sourceTree = "<group>";
		};
		D36F20B82D5EA27A00DE1FD3 /* ViewModels */ = {
			isa = PBXGroup;
			children = (
				D36F20BF2D5EB44700DE1FD3 /* EventsCalendarViewModel.swift */,
			);
			path = ViewModels;
			sourceTree = "<group>";
		};
		D36F20B92D5EA28700DE1FD3 /* Views */ = {
			isa = PBXGroup;
			children = (
				D36F20BB2D5EA2E800DE1FD3 /* EventsCalendarView.swift */,
			);
			path = Views;
			sourceTree = "<group>";
		};
		D36F20BA2D5EA28C00DE1FD3 /* Models */ = {
			isa = PBXGroup;
			children = (
			);
			path = Models;
			sourceTree = "<group>";
		};
		D38BDE272D56AEFC00206D28 /* Events */ = {
			isa = PBXGroup;
			children = (
				D38BDE2B2D56AF2300206D28 /* Models */,
				D38BDE2A2D56AF1800206D28 /* Views */,
				D38BDE292D56AF0F00206D28 /* ViewModels */,
				D38BDE282D56AF0700206D28 /* Services */,
			);
			path = Events;
			sourceTree = "<group>";
		};
		D38BDE282D56AF0700206D28 /* Services */ = {
			isa = PBXGroup;
			children = (
				D312BE172D5B7A5E00C43023 /* EventService.swift */,
			);
			path = Services;
			sourceTree = "<group>";
		};
		D38BDE292D56AF0F00206D28 /* ViewModels */ = {
			isa = PBXGroup;
			children = (
				D346CB932D5A39D200F897BF /* AddEventViewModel.swift */,
			);
			path = ViewModels;
			sourceTree = "<group>";
		};
		D38BDE2A2D56AF1800206D28 /* Views */ = {
			isa = PBXGroup;
			children = (
				D38BDE2C2D56AF3300206D28 /* EventCard.swift */,
				D346CB8B2D5A38E800F897BF /* AddEventView.swift */,
			);
			path = Views;
			sourceTree = "<group>";
		};
		D38BDE2B2D56AF2300206D28 /* Models */ = {
			isa = PBXGroup;
			children = (
				D312BE192D5B7AA200C43023 /* AddEventDetails.swift */,
			);
			path = Models;
			sourceTree = "<group>";
		};
		D39401AB2D52431500DCFE21 /* Auth */ = {
			isa = PBXGroup;
			children = (
				D39401AF2D52434D00DCFE21 /* Models */,
				D39401AE2D52433D00DCFE21 /* Views */,
				D39401AD2D52433200DCFE21 /* ViewModels */,
				D39401AC2D52432600DCFE21 /* Services */,
			);
			path = Auth;
			sourceTree = "<group>";
		};
		D39401AC2D52432600DCFE21 /* Services */ = {
			isa = PBXGroup;
			children = (
				D3F4EAF42D54BF5400C71FDF /* SignupService.swift */,
				D3F4EAFE2D54F60800C71FDF /* LoginService.swift */,
				D3C68E882D5615EC000F3C0C /* EmailVerificationService.swift */,
			);
			path = Services;
			sourceTree = "<group>";
		};
		D39401AD2D52433200DCFE21 /* ViewModels */ = {
			isa = PBXGroup;
			children = (
				D3F4EAF22D54BC2A00C71FDF /* SignupViewModel.swift */,
				D3F4EAFC2D54F45000C71FDF /* LoginViewModel.swift */,
				D3C68E862D561040000F3C0C /* EmailVerificationViewModel.swift */,
			);
			path = ViewModels;
			sourceTree = "<group>";
		};
		D39401AE2D52433D00DCFE21 /* Views */ = {
			isa = PBXGroup;
			children = (
				D39401B12D5243B200DCFE21 /* SignupFormView.swift */,
				D3F4EB042D55410600C71FDF /* EmailVerificationView.swift */,
				D3B68C9D2D5553CC00BF6CD3 /* LoginFormView.swift */,
			);
			path = Views;
			sourceTree = "<group>";
		};
		D39401AF2D52434D00DCFE21 /* Models */ = {
			isa = PBXGroup;
			children = (
				D3F4EAF02D54BA9600C71FDF /* UserSignupDetails.swift */,
				D3F4EAFA2D54F16000C71FDF /* UserSignupResponse.swift */,
				D3F4EB002D54F64B00C71FDF /* UserLoginDetails.swift */,
				D3F4EB022D54F70200C71FDF /* UserLoginResponse.swift */,
				D3B68C992D554BCD00BF6CD3 /* EmailVerificationDetails.swift */,
				D3B68C9B2D554CBD00BF6CD3 /* EmailVerificationResponse.swift */,
			);
			path = Models;
			sourceTree = "<group>";
		};
		D3B20B252D58D08900A52937 /* Shared */ = {
			isa = PBXGroup;
			children = (
				D3B20B272D58D0A400A52937 /* Models */,
				D3B20B262D58D09300A52937 /* Services */,
			);
			path = Shared;
			sourceTree = "<group>";
		};
		D3B20B262D58D09300A52937 /* Services */ = {
			isa = PBXGroup;
			children = (
				D3B20B282D58D0D900A52937 /* SharedService.swift */,
				D346CB892D5A0FC500F897BF /* SharedServiceProtocol.swift */,
			);
			path = Services;
			sourceTree = "<group>";
		};
		D3B20B272D58D0A400A52937 /* Models */ = {
			isa = PBXGroup;
			children = (
				D346CB872D5A0D9900F897BF /* Event.swift */,
				D356D2152D5A51E60091DD7C /* UserDetails.swift */,
				D36F20B42D5E955C00DE1FD3 /* GetAllEventsResponse.swift */,
			);
			path = Models;
			sourceTree = "<group>";
		};
		D3C03BB02D50FF5700E5251C = {
			isa = PBXGroup;
			children = (
				D3C03BBB2D50FF5700E5251C /* TablesTurn */,
				D3C03BCC2D50FF5900E5251C /* TablesTurnTests */,
				D3C03BD62D50FF5900E5251C /* TablesTurnUITests */,
				D3C03BBA2D50FF5700E5251C /* Products */,
			);
			sourceTree = "<group>";
		};
		D3C03BBA2D50FF5700E5251C /* Products */ = {
			isa = PBXGroup;
			children = (
				D3C03BB92D50FF5700E5251C /* TablesTurn.app */,
				D3C03BC92D50FF5900E5251C /* TablesTurnTests.xctest */,
				D3C03BD32D50FF5900E5251C /* TablesTurnUITests.xctest */,
			);
			name = Products;
			sourceTree = "<group>";
		};
		D3C03BBB2D50FF5700E5251C /* TablesTurn */ = {
			isa = PBXGroup;
			children = (
				D3C03BE62D5101F800E5251C /* App */,
				D3C03BEA2D51026C00E5251C /* Core */,
				D3C03BE92D51025E00E5251C /* Features */,
				D3C03BC22D50FF5900E5251C /* Preview Content */,
				D3C03BEB2D51027400E5251C /* Resources */,
				D3C03BEC2D51028000E5251C /* SupportingFiles */,
			);
			path = TablesTurn;
			sourceTree = "<group>";
		};
		D3C03BC22D50FF5900E5251C /* Preview Content */ = {
			isa = PBXGroup;
			children = (
				D3C03BC32D50FF5900E5251C /* Preview Assets.xcassets */,
			);
			path = "Preview Content";
			sourceTree = "<group>";
		};
		D3C03BCC2D50FF5900E5251C /* TablesTurnTests */ = {
			isa = PBXGroup;
			children = (
				D3C03BCD2D50FF5900E5251C /* TablesTurnTests.swift */,
			);
			path = TablesTurnTests;
			sourceTree = "<group>";
		};
		D3C03BD62D50FF5900E5251C /* TablesTurnUITests */ = {
			isa = PBXGroup;
			children = (
				D3C03BD72D50FF5900E5251C /* TablesTurnUITests.swift */,
				D3C03BD92D50FF5900E5251C /* TablesTurnUITestsLaunchTests.swift */,
			);
			path = TablesTurnUITests;
			sourceTree = "<group>";
		};
		D3C03BE62D5101F800E5251C /* App */ = {
			isa = PBXGroup;
			children = (
				D3C03BBC2D50FF5700E5251C /* TablesTurnApp.swift */,
				D3C03BE72D51023400E5251C /* AppConfig.swift */,
				D3C68E8C2D5621C3000F3C0C /* RootView.swift */,
			);
			path = App;
			sourceTree = "<group>";
		};
		D3C03BE92D51025E00E5251C /* Features */ = {
			isa = PBXGroup;
			children = (
				D368EDFA2D5F5AD100DA4632 /* EventDetails */,
				D36F20B62D5EA26500DE1FD3 /* EventsCalendar */,
				D33DF8C72D5BB2F500ACF1D4 /* ImagePicker */,
				D3B20B252D58D08900A52937 /* Shared */,
				D38BDE272D56AEFC00206D28 /* Events */,
				D3C68E8E2D562312000F3C0C /* Home */,
				D39401AB2D52431500DCFE21 /* Auth */,
				D3255D572D51BCD4007E0125 /* Onboarding */,
			);
			path = Features;
			sourceTree = "<group>";
		};
		D3C03BEA2D51026C00E5251C /* Core */ = {
			isa = PBXGroup;
			children = (
				D3C03BF02D51035100E5251C /* UIComponents */,
				D3C03BEF2D51034900E5251C /* Extensions */,
				D3C03BEE2D51033E00E5251C /* Utilities */,
				D3C03BED2D51033300E5251C /* Networking */,
			);
			path = Core;
			sourceTree = "<group>";
		};
		D3C03BEB2D51027400E5251C /* Resources */ = {
			isa = PBXGroup;
			children = (
				D3C03BF42D5103A700E5251C /* Fonts */,
				D3C03BF22D51038D00E5251C /* Localization */,
				D3C03BC02D50FF5900E5251C /* Assets.xcassets */,
			);
			path = Resources;
			sourceTree = "<group>";
		};
		D3C03BEC2D51028000E5251C /* SupportingFiles */ = {
			isa = PBXGroup;
			children = (
			);
			path = SupportingFiles;
			sourceTree = "<group>";
		};
		D3C03BED2D51033300E5251C /* Networking */ = {
			isa = PBXGroup;
			children = (
				D3C03BFE2D5112CB00E5251C /* ApiClient.swift */,
				D3C03C002D51142100E5251C /* ApiEndpoints.swift */,
				D3F4EAF62D54C63C00C71FDF /* ApiError.swift */,
			);
			path = Networking;
			sourceTree = "<group>";
		};
		D3C03BEE2D51033E00E5251C /* Utilities */ = {
			isa = PBXGroup;
			children = (
				D3C68E8A2D561D42000F3C0C /* UserManager.swift */,
			);
			path = Utilities;
			sourceTree = "<group>";
		};
		D3C03BEF2D51034900E5251C /* Extensions */ = {
			isa = PBXGroup;
			children = (
			);
			path = Extensions;
			sourceTree = "<group>";
		};
		D3C03BF02D51035100E5251C /* UIComponents */ = {
			isa = PBXGroup;
			children = (
				D36959482D52130700483BDB /* ImageCarousel.swift */,
				D369594A2D52220900483BDB /* MainButtonStyle.swift */,
				D39401B32D524BF500DCFE21 /* CustomTextField.swift */,
				D39624912D564D6300A3E310 /* CircularButtonStyle.swift */,
				D356D2172D5A6F500091DD7C /* ProgressTrackerView.swift */,
				D33DF8D62D5BC1BE00ACF1D4 /* TimezoneDropdownView.swift */,
				D36F20B22D5E92D000DE1FD3 /* PaginationView.swift */,
				D368EE012D5FD64900DA4632 /* AvatarStack.swift */,
			);
			path = UIComponents;
			sourceTree = "<group>";
		};
		D3C03BF22D51038D00E5251C /* Localization */ = {
			isa = PBXGroup;
			children = (
			);
			path = Localization;
			sourceTree = "<group>";
		};
		D3C03BF42D5103A700E5251C /* Fonts */ = {
			isa = PBXGroup;
			children = (
			);
			path = Fonts;
			sourceTree = "<group>";
		};
		D3C68E8E2D562312000F3C0C /* Home */ = {
			isa = PBXGroup;
			children = (
				D3C68E922D5623DF000F3C0C /* Models */,
				D3C68E912D5623D5000F3C0C /* Views */,
				D3C68E902D5623CC000F3C0C /* ViewModels */,
				D3C68E8F2D5623C5000F3C0C /* Services */,
			);
			path = Home;
			sourceTree = "<group>";
		};
		D3C68E8F2D5623C5000F3C0C /* Services */ = {
			isa = PBXGroup;
			children = (
				D3B20B232D58CF7F00A52937 /* HomeService.swift */,
			);
			path = Services;
			sourceTree = "<group>";
		};
		D3C68E902D5623CC000F3C0C /* ViewModels */ = {
			isa = PBXGroup;
			children = (
				D396248F2D5636F100A3E310 /* HomeViewModel.swift */,
			);
			path = ViewModels;
			sourceTree = "<group>";
		};
		D3C68E912D5623D5000F3C0C /* Views */ = {
			isa = PBXGroup;
			children = (
				D396248D2D56366200A3E310 /* HomeView.swift */,
			);
			path = Views;
			sourceTree = "<group>";
		};
		D3C68E922D5623DF000F3C0C /* Models */ = {
			isa = PBXGroup;
			children = (
			);
			path = Models;
			sourceTree = "<group>";
		};
/* End PBXGroup section */

/* Begin PBXNativeTarget section */
		D3C03BB82D50FF5700E5251C /* TablesTurn */ = {
			isa = PBXNativeTarget;
			buildConfigurationList = D3C03BDD2D50FF5900E5251C /* Build configuration list for PBXNativeTarget "TablesTurn" */;
			buildPhases = (
				D3C03BB52D50FF5700E5251C /* Sources */,
				D3C03BB62D50FF5700E5251C /* Frameworks */,
				D3C03BB72D50FF5700E5251C /* Resources */,
			);
			buildRules = (
			);
			dependencies = (
			);
			name = TablesTurn;
			packageProductDependencies = (
				D3C03BF62D5106D000E5251C /* Alamofire */,
				D3C03BF92D51077400E5251C /* Kingfisher */,
			);
			productName = TablesTurn;
			productReference = D3C03BB92D50FF5700E5251C /* TablesTurn.app */;
			productType = "com.apple.product-type.application";
		};
		D3C03BC82D50FF5900E5251C /* TablesTurnTests */ = {
			isa = PBXNativeTarget;
			buildConfigurationList = D3C03BE02D50FF5900E5251C /* Build configuration list for PBXNativeTarget "TablesTurnTests" */;
			buildPhases = (
				D3C03BC52D50FF5900E5251C /* Sources */,
				D3C03BC62D50FF5900E5251C /* Frameworks */,
				D3C03BC72D50FF5900E5251C /* Resources */,
			);
			buildRules = (
			);
			dependencies = (
				D3C03BCB2D50FF5900E5251C /* PBXTargetDependency */,
			);
			name = TablesTurnTests;
			productName = TablesTurnTests;
			productReference = D3C03BC92D50FF5900E5251C /* TablesTurnTests.xctest */;
			productType = "com.apple.product-type.bundle.unit-test";
		};
		D3C03BD22D50FF5900E5251C /* TablesTurnUITests */ = {
			isa = PBXNativeTarget;
			buildConfigurationList = D3C03BE32D50FF5900E5251C /* Build configuration list for PBXNativeTarget "TablesTurnUITests" */;
			buildPhases = (
				D3C03BCF2D50FF5900E5251C /* Sources */,
				D3C03BD02D50FF5900E5251C /* Frameworks */,
				D3C03BD12D50FF5900E5251C /* Resources */,
			);
			buildRules = (
			);
			dependencies = (
				D3C03BD52D50FF5900E5251C /* PBXTargetDependency */,
			);
			name = TablesTurnUITests;
			productName = TablesTurnUITests;
			productReference = D3C03BD32D50FF5900E5251C /* TablesTurnUITests.xctest */;
			productType = "com.apple.product-type.bundle.ui-testing";
		};
/* End PBXNativeTarget section */

/* Begin PBXProject section */
		D3C03BB12D50FF5700E5251C /* Project object */ = {
			isa = PBXProject;
			attributes = {
				BuildIndependentTargetsInParallel = 1;
				LastSwiftUpdateCheck = 1540;
				LastUpgradeCheck = 1540;
				TargetAttributes = {
					D3C03BB82D50FF5700E5251C = {
						CreatedOnToolsVersion = 15.4;
					};
					D3C03BC82D50FF5900E5251C = {
						CreatedOnToolsVersion = 15.4;
						TestTargetID = D3C03BB82D50FF5700E5251C;
					};
					D3C03BD22D50FF5900E5251C = {
						CreatedOnToolsVersion = 15.4;
						TestTargetID = D3C03BB82D50FF5700E5251C;
					};
				};
			};
			buildConfigurationList = D3C03BB42D50FF5700E5251C /* Build configuration list for PBXProject "TablesTurn" */;
			compatibilityVersion = "Xcode 14.0";
			developmentRegion = en;
			hasScannedForEncodings = 0;
			knownRegions = (
				en,
				Base,
			);
			mainGroup = D3C03BB02D50FF5700E5251C;
			packageReferences = (
				D3C03BF52D5106D000E5251C /* XCRemoteSwiftPackageReference "Alamofire" */,
				D3C03BF82D51077400E5251C /* XCRemoteSwiftPackageReference "Kingfisher" */,
			);
			productRefGroup = D3C03BBA2D50FF5700E5251C /* Products */;
			projectDirPath = "";
			projectRoot = "";
			targets = (
				D3C03BB82D50FF5700E5251C /* TablesTurn */,
				D3C03BC82D50FF5900E5251C /* TablesTurnTests */,
				D3C03BD22D50FF5900E5251C /* TablesTurnUITests */,
			);
		};
/* End PBXProject section */

/* Begin PBXResourcesBuildPhase section */
		D3C03BB72D50FF5700E5251C /* Resources */ = {
			isa = PBXResourcesBuildPhase;
			buildActionMask = 2147483647;
			files = (
				D3C03BC42D50FF5900E5251C /* Preview Assets.xcassets in Resources */,
				D3C03BC12D50FF5900E5251C /* Assets.xcassets in Resources */,
			);
			runOnlyForDeploymentPostprocessing = 0;
		};
		D3C03BC72D50FF5900E5251C /* Resources */ = {
			isa = PBXResourcesBuildPhase;
			buildActionMask = 2147483647;
			files = (
			);
			runOnlyForDeploymentPostprocessing = 0;
		};
		D3C03BD12D50FF5900E5251C /* Resources */ = {
			isa = PBXResourcesBuildPhase;
			buildActionMask = 2147483647;
			files = (
			);
			runOnlyForDeploymentPostprocessing = 0;
		};
/* End PBXResourcesBuildPhase section */

/* Begin PBXSourcesBuildPhase section */
		D3C03BB52D50FF5700E5251C /* Sources */ = {
			isa = PBXSourcesBuildPhase;
			buildActionMask = 2147483647;
			files = (
				D396248E2D56366200A3E310 /* HomeView.swift in Sources */,
				D346CB882D5A0D9900F897BF /* Event.swift in Sources */,
				D346CB8C2D5A38E800F897BF /* AddEventView.swift in Sources */,
				D3F4EAFF2D54F60800C71FDF /* LoginService.swift in Sources */,
				D3F4EB012D54F64B00C71FDF /* UserLoginDetails.swift in Sources */,
				D346CB8A2D5A0FC500F897BF /* SharedServiceProtocol.swift in Sources */,
				D3C68E872D561040000F3C0C /* EmailVerificationViewModel.swift in Sources */,
				D38BDE2D2D56AF3300206D28 /* EventCard.swift in Sources */,
				D35409402D61B4AB00941806 /* EventDetailsService.swift in Sources */,
				D39401B42D524BF500DCFE21 /* CustomTextField.swift in Sources */,
				D3F4EB032D54F70200C71FDF /* UserLoginResponse.swift in Sources */,
				D356D2182D5A6F500091DD7C /* ProgressTrackerView.swift in Sources */,
				D33DF8D52D5BB47A00ACF1D4 /* ImagePickerViewModel.swift in Sources */,
				D3C68E892D5615EC000F3C0C /* EmailVerificationService.swift in Sources */,
				D33DF8D12D5BB46000ACF1D4 /* ImagePickerView.swift in Sources */,
				D3F4EAFB2D54F16000C71FDF /* UserSignupResponse.swift in Sources */,
				D368EE022D5FD64900DA4632 /* AvatarStack.swift in Sources */,
				D3C03BE82D51023400E5251C /* AppConfig.swift in Sources */,
				D354093C2D61B2BC00941806 /* EventDetailsViewModel.swift in Sources */,
				D3B68C9A2D554BCD00BF6CD3 /* EmailVerificationDetails.swift in Sources */,
				D3C03BBD2D50FF5700E5251C /* TablesTurnApp.swift in Sources */,
				D36F20B32D5E92D000DE1FD3 /* PaginationView.swift in Sources */,
				D354093E2D61B35600941806 /* EventDetails.swift in Sources */,
				D3F4EAFD2D54F45000C71FDF /* LoginViewModel.swift in Sources */,
				D36F20C02D5EB44700DE1FD3 /* EventsCalendarViewModel.swift in Sources */,
				D3255D5F2D51C0E7007E0125 /* GettingStartedView.swift in Sources */,
				D36959492D52130700483BDB /* ImageCarousel.swift in Sources */,
				D39624922D564D6300A3E310 /* CircularButtonStyle.swift in Sources */,
				D39401B22D5243B200DCFE21 /* SignupFormView.swift in Sources */,
				D312BE1A2D5B7AA200C43023 /* AddEventDetails.swift in Sources */,
				D33DF8D72D5BC1BE00ACF1D4 /* TimezoneDropdownView.swift in Sources */,
				D368EE002D5F5B1C00DA4632 /* EventDetailsView.swift in Sources */,
				D3B68C9C2D554CBD00BF6CD3 /* EmailVerificationResponse.swift in Sources */,
				D3B68C9E2D5553CC00BF6CD3 /* LoginFormView.swift in Sources */,
				D369594B2D52220900483BDB /* MainButtonStyle.swift in Sources */,
				D312BE182D5B7A5E00C43023 /* EventService.swift in Sources */,
				D36F20B52D5E955C00DE1FD3 /* GetAllEventsResponse.swift in Sources */,
				D356D2162D5A51E60091DD7C /* UserDetails.swift in Sources */,
				D3F4EAF32D54BC2A00C71FDF /* SignupViewModel.swift in Sources */,
				D3C68E8B2D561D42000F3C0C /* UserManager.swift in Sources */,
				D3B20B292D58D0D900A52937 /* SharedService.swift in Sources */,
				D33DF8CD2D5BB44000ACF1D4 /* ImageRepresentation.swift in Sources */,
				D3F4EB052D55410600C71FDF /* EmailVerificationView.swift in Sources */,
				D3C03BFF2D5112CB00E5251C /* ApiClient.swift in Sources */,
				D36F20BC2D5EA2E800DE1FD3 /* EventsCalendarView.swift in Sources */,
				D3B20B242D58CF7F00A52937 /* HomeService.swift in Sources */,
				D3F4EAF52D54BF5400C71FDF /* SignupService.swift in Sources */,
				D39624902D5636F100A3E310 /* HomeViewModel.swift in Sources */,
				D346CB942D5A39D200F897BF /* AddEventViewModel.swift in Sources */,
				D3C68E8D2D5621C3000F3C0C /* RootView.swift in Sources */,
				D3C03C012D51142100E5251C /* ApiEndpoints.swift in Sources */,
				D3F4EAF72D54C63C00C71FDF /* ApiError.swift in Sources */,
				D3F4EAF12D54BA9600C71FDF /* UserSignupDetails.swift in Sources */,
			);
			runOnlyForDeploymentPostprocessing = 0;
		};
		D3C03BC52D50FF5900E5251C /* Sources */ = {
			isa = PBXSourcesBuildPhase;
			buildActionMask = 2147483647;
			files = (
				D3C03BCE2D50FF5900E5251C /* TablesTurnTests.swift in Sources */,
			);
			runOnlyForDeploymentPostprocessing = 0;
		};
		D3C03BCF2D50FF5900E5251C /* Sources */ = {
			isa = PBXSourcesBuildPhase;
			buildActionMask = 2147483647;
			files = (
				D3C03BDA2D50FF5900E5251C /* TablesTurnUITestsLaunchTests.swift in Sources */,
				D3C03BD82D50FF5900E5251C /* TablesTurnUITests.swift in Sources */,
			);
			runOnlyForDeploymentPostprocessing = 0;
		};
/* End PBXSourcesBuildPhase section */

/* Begin PBXTargetDependency section */
		D3C03BCB2D50FF5900E5251C /* PBXTargetDependency */ = {
			isa = PBXTargetDependency;
			target = D3C03BB82D50FF5700E5251C /* TablesTurn */;
			targetProxy = D3C03BCA2D50FF5900E5251C /* PBXContainerItemProxy */;
		};
		D3C03BD52D50FF5900E5251C /* PBXTargetDependency */ = {
			isa = PBXTargetDependency;
			target = D3C03BB82D50FF5700E5251C /* TablesTurn */;
			targetProxy = D3C03BD42D50FF5900E5251C /* PBXContainerItemProxy */;
		};
/* End PBXTargetDependency section */

/* Begin XCBuildConfiguration section */
		D3C03BDB2D50FF5900E5251C /* Debug */ = {
			isa = XCBuildConfiguration;
			buildSettings = {
				ALWAYS_SEARCH_USER_PATHS = NO;
				ASSETCATALOG_COMPILER_GENERATE_SWIFT_ASSET_SYMBOL_EXTENSIONS = YES;
				CLANG_ANALYZER_NONNULL = YES;
				CLANG_ANALYZER_NUMBER_OBJECT_CONVERSION = YES_AGGRESSIVE;
				CLANG_CXX_LANGUAGE_STANDARD = "gnu++20";
				CLANG_ENABLE_MODULES = YES;
				CLANG_ENABLE_OBJC_ARC = YES;
				CLANG_ENABLE_OBJC_WEAK = YES;
				CLANG_WARN_BLOCK_CAPTURE_AUTORELEASING = YES;
				CLANG_WARN_BOOL_CONVERSION = YES;
				CLANG_WARN_COMMA = YES;
				CLANG_WARN_CONSTANT_CONVERSION = YES;
				CLANG_WARN_DEPRECATED_OBJC_IMPLEMENTATIONS = YES;
				CLANG_WARN_DIRECT_OBJC_ISA_USAGE = YES_ERROR;
				CLANG_WARN_DOCUMENTATION_COMMENTS = YES;
				CLANG_WARN_EMPTY_BODY = YES;
				CLANG_WARN_ENUM_CONVERSION = YES;
				CLANG_WARN_INFINITE_RECURSION = YES;
				CLANG_WARN_INT_CONVERSION = YES;
				CLANG_WARN_NON_LITERAL_NULL_CONVERSION = YES;
				CLANG_WARN_OBJC_IMPLICIT_RETAIN_SELF = YES;
				CLANG_WARN_OBJC_LITERAL_CONVERSION = YES;
				CLANG_WARN_OBJC_ROOT_CLASS = YES_ERROR;
				CLANG_WARN_QUOTED_INCLUDE_IN_FRAMEWORK_HEADER = YES;
				CLANG_WARN_RANGE_LOOP_ANALYSIS = YES;
				CLANG_WARN_STRICT_PROTOTYPES = YES;
				CLANG_WARN_SUSPICIOUS_MOVE = YES;
				CLANG_WARN_UNGUARDED_AVAILABILITY = YES_AGGRESSIVE;
				CLANG_WARN_UNREACHABLE_CODE = YES;
				CLANG_WARN__DUPLICATE_METHOD_MATCH = YES;
				COPY_PHASE_STRIP = NO;
				DEBUG_INFORMATION_FORMAT = dwarf;
				ENABLE_STRICT_OBJC_MSGSEND = YES;
				ENABLE_TESTABILITY = YES;
				ENABLE_USER_SCRIPT_SANDBOXING = YES;
				GCC_C_LANGUAGE_STANDARD = gnu17;
				GCC_DYNAMIC_NO_PIC = NO;
				GCC_NO_COMMON_BLOCKS = YES;
				GCC_OPTIMIZATION_LEVEL = 0;
				GCC_PREPROCESSOR_DEFINITIONS = (
					"DEBUG=1",
					"$(inherited)",
				);
				GCC_WARN_64_TO_32_BIT_CONVERSION = YES;
				GCC_WARN_ABOUT_RETURN_TYPE = YES_ERROR;
				GCC_WARN_UNDECLARED_SELECTOR = YES;
				GCC_WARN_UNINITIALIZED_AUTOS = YES_AGGRESSIVE;
				GCC_WARN_UNUSED_FUNCTION = YES;
				GCC_WARN_UNUSED_VARIABLE = YES;
				IPHONEOS_DEPLOYMENT_TARGET = 17.5;
				LOCALIZATION_PREFERS_STRING_CATALOGS = YES;
				MTL_ENABLE_DEBUG_INFO = INCLUDE_SOURCE;
				MTL_FAST_MATH = YES;
				ONLY_ACTIVE_ARCH = YES;
				SDKROOT = iphoneos;
				SWIFT_ACTIVE_COMPILATION_CONDITIONS = "DEBUG $(inherited)";
				SWIFT_OPTIMIZATION_LEVEL = "-Onone";
			};
			name = Debug;
		};
		D3C03BDC2D50FF5900E5251C /* Release */ = {
			isa = XCBuildConfiguration;
			buildSettings = {
				ALWAYS_SEARCH_USER_PATHS = NO;
				ASSETCATALOG_COMPILER_GENERATE_SWIFT_ASSET_SYMBOL_EXTENSIONS = YES;
				CLANG_ANALYZER_NONNULL = YES;
				CLANG_ANALYZER_NUMBER_OBJECT_CONVERSION = YES_AGGRESSIVE;
				CLANG_CXX_LANGUAGE_STANDARD = "gnu++20";
				CLANG_ENABLE_MODULES = YES;
				CLANG_ENABLE_OBJC_ARC = YES;
				CLANG_ENABLE_OBJC_WEAK = YES;
				CLANG_WARN_BLOCK_CAPTURE_AUTORELEASING = YES;
				CLANG_WARN_BOOL_CONVERSION = YES;
				CLANG_WARN_COMMA = YES;
				CLANG_WARN_CONSTANT_CONVERSION = YES;
				CLANG_WARN_DEPRECATED_OBJC_IMPLEMENTATIONS = YES;
				CLANG_WARN_DIRECT_OBJC_ISA_USAGE = YES_ERROR;
				CLANG_WARN_DOCUMENTATION_COMMENTS = YES;
				CLANG_WARN_EMPTY_BODY = YES;
				CLANG_WARN_ENUM_CONVERSION = YES;
				CLANG_WARN_INFINITE_RECURSION = YES;
				CLANG_WARN_INT_CONVERSION = YES;
				CLANG_WARN_NON_LITERAL_NULL_CONVERSION = YES;
				CLANG_WARN_OBJC_IMPLICIT_RETAIN_SELF = YES;
				CLANG_WARN_OBJC_LITERAL_CONVERSION = YES;
				CLANG_WARN_OBJC_ROOT_CLASS = YES_ERROR;
				CLANG_WARN_QUOTED_INCLUDE_IN_FRAMEWORK_HEADER = YES;
				CLANG_WARN_RANGE_LOOP_ANALYSIS = YES;
				CLANG_WARN_STRICT_PROTOTYPES = YES;
				CLANG_WARN_SUSPICIOUS_MOVE = YES;
				CLANG_WARN_UNGUARDED_AVAILABILITY = YES_AGGRESSIVE;
				CLANG_WARN_UNREACHABLE_CODE = YES;
				CLANG_WARN__DUPLICATE_METHOD_MATCH = YES;
				COPY_PHASE_STRIP = NO;
				DEBUG_INFORMATION_FORMAT = "dwarf-with-dsym";
				ENABLE_NS_ASSERTIONS = NO;
				ENABLE_STRICT_OBJC_MSGSEND = YES;
				ENABLE_USER_SCRIPT_SANDBOXING = YES;
				GCC_C_LANGUAGE_STANDARD = gnu17;
				GCC_NO_COMMON_BLOCKS = YES;
				GCC_WARN_64_TO_32_BIT_CONVERSION = YES;
				GCC_WARN_ABOUT_RETURN_TYPE = YES_ERROR;
				GCC_WARN_UNDECLARED_SELECTOR = YES;
				GCC_WARN_UNINITIALIZED_AUTOS = YES_AGGRESSIVE;
				GCC_WARN_UNUSED_FUNCTION = YES;
				GCC_WARN_UNUSED_VARIABLE = YES;
				IPHONEOS_DEPLOYMENT_TARGET = 17.5;
				LOCALIZATION_PREFERS_STRING_CATALOGS = YES;
				MTL_ENABLE_DEBUG_INFO = NO;
				MTL_FAST_MATH = YES;
				SDKROOT = iphoneos;
				SWIFT_COMPILATION_MODE = wholemodule;
				VALIDATE_PRODUCT = YES;
			};
			name = Release;
		};
		D3C03BDE2D50FF5900E5251C /* Debug */ = {
			isa = XCBuildConfiguration;
			buildSettings = {
				ASSETCATALOG_COMPILER_APPICON_NAME = AppIcon;
				ASSETCATALOG_COMPILER_GLOBAL_ACCENT_COLOR_NAME = AccentColor;
				CODE_SIGN_STYLE = Automatic;
				CURRENT_PROJECT_VERSION = 1;
				DEVELOPMENT_ASSET_PATHS = "\"TablesTurn/Preview Content\"";
				ENABLE_PREVIEWS = YES;
				GENERATE_INFOPLIST_FILE = YES;
				INFOPLIST_KEY_UIApplicationSceneManifest_Generation = YES;
				INFOPLIST_KEY_UIApplicationSupportsIndirectInputEvents = YES;
				INFOPLIST_KEY_UILaunchScreen_Generation = YES;
				INFOPLIST_KEY_UISupportedInterfaceOrientations_iPad = "UIInterfaceOrientationPortrait UIInterfaceOrientationPortraitUpsideDown UIInterfaceOrientationLandscapeLeft UIInterfaceOrientationLandscapeRight";
				INFOPLIST_KEY_UISupportedInterfaceOrientations_iPhone = "UIInterfaceOrientationPortrait UIInterfaceOrientationLandscapeLeft UIInterfaceOrientationLandscapeRight";
				LD_RUNPATH_SEARCH_PATHS = (
					"$(inherited)",
					"@executable_path/Frameworks",
				);
				MARKETING_VERSION = 1.0;
				PRODUCT_BUNDLE_IDENTIFIER = co.tablesturn.TablesTurn;
				PRODUCT_NAME = "$(TARGET_NAME)";
				SWIFT_EMIT_LOC_STRINGS = YES;
				SWIFT_VERSION = 5.0;
				TARGETED_DEVICE_FAMILY = "1,2";
			};
			name = Debug;
		};
		D3C03BDF2D50FF5900E5251C /* Release */ = {
			isa = XCBuildConfiguration;
			buildSettings = {
				ASSETCATALOG_COMPILER_APPICON_NAME = AppIcon;
				ASSETCATALOG_COMPILER_GLOBAL_ACCENT_COLOR_NAME = AccentColor;
				CODE_SIGN_STYLE = Automatic;
				CURRENT_PROJECT_VERSION = 1;
				DEVELOPMENT_ASSET_PATHS = "\"TablesTurn/Preview Content\"";
				ENABLE_PREVIEWS = YES;
				GENERATE_INFOPLIST_FILE = YES;
				INFOPLIST_KEY_UIApplicationSceneManifest_Generation = YES;
				INFOPLIST_KEY_UIApplicationSupportsIndirectInputEvents = YES;
				INFOPLIST_KEY_UILaunchScreen_Generation = YES;
				INFOPLIST_KEY_UISupportedInterfaceOrientations_iPad = "UIInterfaceOrientationPortrait UIInterfaceOrientationPortraitUpsideDown UIInterfaceOrientationLandscapeLeft UIInterfaceOrientationLandscapeRight";
				INFOPLIST_KEY_UISupportedInterfaceOrientations_iPhone = "UIInterfaceOrientationPortrait UIInterfaceOrientationLandscapeLeft UIInterfaceOrientationLandscapeRight";
				LD_RUNPATH_SEARCH_PATHS = (
					"$(inherited)",
					"@executable_path/Frameworks",
				);
				MARKETING_VERSION = 1.0;
				PRODUCT_BUNDLE_IDENTIFIER = co.tablesturn.TablesTurn;
				PRODUCT_NAME = "$(TARGET_NAME)";
				SWIFT_EMIT_LOC_STRINGS = YES;
				SWIFT_VERSION = 5.0;
				TARGETED_DEVICE_FAMILY = "1,2";
			};
			name = Release;
		};
		D3C03BE12D50FF5900E5251C /* Debug */ = {
			isa = XCBuildConfiguration;
			buildSettings = {
				ALWAYS_EMBED_SWIFT_STANDARD_LIBRARIES = YES;
				BUNDLE_LOADER = "$(TEST_HOST)";
				CODE_SIGN_STYLE = Automatic;
				CURRENT_PROJECT_VERSION = 1;
				GENERATE_INFOPLIST_FILE = YES;
				IPHONEOS_DEPLOYMENT_TARGET = 17.5;
				MARKETING_VERSION = 1.0;
				PRODUCT_BUNDLE_IDENTIFIER = co.tablesturn.TablesTurnTests;
				PRODUCT_NAME = "$(TARGET_NAME)";
				SWIFT_EMIT_LOC_STRINGS = NO;
				SWIFT_VERSION = 5.0;
				TARGETED_DEVICE_FAMILY = "1,2";
				TEST_HOST = "$(BUILT_PRODUCTS_DIR)/TablesTurn.app/$(BUNDLE_EXECUTABLE_FOLDER_PATH)/TablesTurn";
			};
			name = Debug;
		};
		D3C03BE22D50FF5900E5251C /* Release */ = {
			isa = XCBuildConfiguration;
			buildSettings = {
				ALWAYS_EMBED_SWIFT_STANDARD_LIBRARIES = YES;
				BUNDLE_LOADER = "$(TEST_HOST)";
				CODE_SIGN_STYLE = Automatic;
				CURRENT_PROJECT_VERSION = 1;
				GENERATE_INFOPLIST_FILE = YES;
				IPHONEOS_DEPLOYMENT_TARGET = 17.5;
				MARKETING_VERSION = 1.0;
				PRODUCT_BUNDLE_IDENTIFIER = co.tablesturn.TablesTurnTests;
				PRODUCT_NAME = "$(TARGET_NAME)";
				SWIFT_EMIT_LOC_STRINGS = NO;
				SWIFT_VERSION = 5.0;
				TARGETED_DEVICE_FAMILY = "1,2";
				TEST_HOST = "$(BUILT_PRODUCTS_DIR)/TablesTurn.app/$(BUNDLE_EXECUTABLE_FOLDER_PATH)/TablesTurn";
			};
			name = Release;
		};
		D3C03BE42D50FF5900E5251C /* Debug */ = {
			isa = XCBuildConfiguration;
			buildSettings = {
				ALWAYS_EMBED_SWIFT_STANDARD_LIBRARIES = YES;
				CODE_SIGN_STYLE = Automatic;
				CURRENT_PROJECT_VERSION = 1;
				GENERATE_INFOPLIST_FILE = YES;
				MARKETING_VERSION = 1.0;
				PRODUCT_BUNDLE_IDENTIFIER = co.tablesturn.TablesTurnUITests;
				PRODUCT_NAME = "$(TARGET_NAME)";
				SWIFT_EMIT_LOC_STRINGS = NO;
				SWIFT_VERSION = 5.0;
				TARGETED_DEVICE_FAMILY = "1,2";
				TEST_TARGET_NAME = TablesTurn;
			};
			name = Debug;
		};
		D3C03BE52D50FF5900E5251C /* Release */ = {
			isa = XCBuildConfiguration;
			buildSettings = {
				ALWAYS_EMBED_SWIFT_STANDARD_LIBRARIES = YES;
				CODE_SIGN_STYLE = Automatic;
				CURRENT_PROJECT_VERSION = 1;
				GENERATE_INFOPLIST_FILE = YES;
				MARKETING_VERSION = 1.0;
				PRODUCT_BUNDLE_IDENTIFIER = co.tablesturn.TablesTurnUITests;
				PRODUCT_NAME = "$(TARGET_NAME)";
				SWIFT_EMIT_LOC_STRINGS = NO;
				SWIFT_VERSION = 5.0;
				TARGETED_DEVICE_FAMILY = "1,2";
				TEST_TARGET_NAME = TablesTurn;
			};
			name = Release;
		};
/* End XCBuildConfiguration section */

/* Begin XCConfigurationList section */
		D3C03BB42D50FF5700E5251C /* Build configuration list for PBXProject "TablesTurn" */ = {
			isa = XCConfigurationList;
			buildConfigurations = (
				D3C03BDB2D50FF5900E5251C /* Debug */,
				D3C03BDC2D50FF5900E5251C /* Release */,
			);
			defaultConfigurationIsVisible = 0;
			defaultConfigurationName = Release;
		};
		D3C03BDD2D50FF5900E5251C /* Build configuration list for PBXNativeTarget "TablesTurn" */ = {
			isa = XCConfigurationList;
			buildConfigurations = (
				D3C03BDE2D50FF5900E5251C /* Debug */,
				D3C03BDF2D50FF5900E5251C /* Release */,
			);
			defaultConfigurationIsVisible = 0;
			defaultConfigurationName = Release;
		};
		D3C03BE02D50FF5900E5251C /* Build configuration list for PBXNativeTarget "TablesTurnTests" */ = {
			isa = XCConfigurationList;
			buildConfigurations = (
				D3C03BE12D50FF5900E5251C /* Debug */,
				D3C03BE22D50FF5900E5251C /* Release */,
			);
			defaultConfigurationIsVisible = 0;
			defaultConfigurationName = Release;
		};
		D3C03BE32D50FF5900E5251C /* Build configuration list for PBXNativeTarget "TablesTurnUITests" */ = {
			isa = XCConfigurationList;
			buildConfigurations = (
				D3C03BE42D50FF5900E5251C /* Debug */,
				D3C03BE52D50FF5900E5251C /* Release */,
			);
			defaultConfigurationIsVisible = 0;
			defaultConfigurationName = Release;
		};
/* End XCConfigurationList section */

/* Begin XCRemoteSwiftPackageReference section */
		D3C03BF52D5106D000E5251C /* XCRemoteSwiftPackageReference "Alamofire" */ = {
			isa = XCRemoteSwiftPackageReference;
			repositoryURL = "https://github.com/Alamofire/Alamofire";
			requirement = {
				kind = upToNextMajorVersion;
				minimumVersion = 5.10.2;
			};
		};
		D3C03BF82D51077400E5251C /* XCRemoteSwiftPackageReference "Kingfisher" */ = {
			isa = XCRemoteSwiftPackageReference;
			repositoryURL = "https://github.com/onevcat/Kingfisher";
			requirement = {
				kind = upToNextMajorVersion;
				minimumVersion = 8.1.4;
			};
		};
/* End XCRemoteSwiftPackageReference section */

/* Begin XCSwiftPackageProductDependency section */
		D3C03BF62D5106D000E5251C /* Alamofire */ = {
			isa = XCSwiftPackageProductDependency;
			package = D3C03BF52D5106D000E5251C /* XCRemoteSwiftPackageReference "Alamofire" */;
			productName = Alamofire;
		};
		D3C03BF92D51077400E5251C /* Kingfisher */ = {
			isa = XCSwiftPackageProductDependency;
			package = D3C03BF82D51077400E5251C /* XCRemoteSwiftPackageReference "Kingfisher" */;
			productName = Kingfisher;
		};
/* End XCSwiftPackageProductDependency section */
	};
	rootObject = D3C03BB12D50FF5700E5251C /* Project object */;
}
